{
  "name": "nsball",
  "version": "1.0.0",
  "lockfileVersion": 3,
  "requires": true,
  "packages": {
    "": {
      "name": "nsball",
      "version": "1.0.0",
      "license": "MIT",
      "dependencies": {
        "@nativescript/macos-node-api": "~0.1.1",
        "popmotion": "^11.0.5",
        "typescript": "~5.5.0"
      },
      "devDependencies": {
        "@types/node": "^22.5.0"
      }
    },
    "node_modules/@nativescript/macos-node-api": {
      "version": "0.1.1",
      "resolved": "https://registry.npmjs.org/@nativescript/macos-node-api/-/macos-node-api-0.1.1.tgz",
      "integrity": "sha512-caJmPsb6864SJZpCYbFkO6YFy8izmuYzlnYNFO/JINoYz3MH4EAMOXCU5bWHeUABnE9BZxzbzv38uBYPgg3yMw==",
      "license": "MIT",
      "dependencies": {
        "@nativescript/objc-node-api": ">=1.0.0-alpha.5"
      }
    },
    "node_modules/@nativescript/objc-node-api": {
      "version": "1.0.0-alpha.7",
      "resolved": "https://registry.npmjs.org/@nativescript/objc-node-api/-/objc-node-api-1.0.0-alpha.7.tgz",
      "integrity": "sha512-HCkKX46wmc/Oe+Td958HeRmlqKCKmzeeIm0Kofb8aU+6WqjslLK8xGj6HLQT1SyzLWNQdr3dYp7PLFixMjBymw==",
      "license": "MIT"
    },
    "node_modules/@types/node": {
      "version": "22.5.0",
      "resolved": "https://registry.npmjs.org/@types/node/-/node-22.5.0.tgz",
      "integrity": "sha512-DkFrJOe+rfdHTqqMg0bSNlGlQ85hSoh2TPzZyhHsXnMtligRWpxUySiyw8FY14ITt24HVCiQPWxS3KO/QlGmWg==",
      "dev": true,
      "license": "MIT",
      "dependencies": {
        "undici-types": "~6.19.2"
      }
    },
    "node_modules/framesync": {
      "version": "6.1.2",
      "resolved": "https://registry.npmjs.org/framesync/-/framesync-6.1.2.tgz",
      "integrity": "sha512-jBTqhX6KaQVDyus8muwZbBeGGP0XgujBRbQ7gM7BRdS3CadCZIHiawyzYLnafYcvZIh5j8WE7cxZKFn7dXhu9g==",
      "license": "MIT",
      "dependencies": {
        "tslib": "2.4.0"
      }
    },
    "node_modules/hey-listen": {
      "version": "1.0.8",
      "resolved": "https://registry.npmjs.org/hey-listen/-/hey-listen-1.0.8.tgz",
      "integrity": "sha512-COpmrF2NOg4TBWUJ5UVyaCU2A88wEMkUPK4hNqyCkqHbxT92BbvfjoSozkAIIm6XhicGlJHhFdullInrdhwU8Q==",
      "license": "MIT"
    },
    "node_modules/popmotion": {
      "version": "11.0.5",
      "resolved": "https://registry.npmjs.org/popmotion/-/popmotion-11.0.5.tgz",
      "integrity": "sha512-la8gPM1WYeFznb/JqF4GiTkRRPZsfaj2+kCxqQgr2MJylMmIKUwBfWW8Wa5fml/8gmtlD5yI01MP1QCZPWmppA==",
      "license": "MIT",
      "dependencies": {
        "framesync": "6.1.2",
        "hey-listen": "^1.0.8",
        "style-value-types": "5.1.2",
        "tslib": "2.4.0"
      }
    },
    "node_modules/style-value-types": {
      "version": "5.1.2",
      "resolved": "https://registry.npmjs.org/style-value-types/-/style-value-types-5.1.2.tgz",
      "integrity": "sha512-Vs9fNreYF9j6W2VvuDTP7kepALi7sk0xtk2Tu8Yxi9UoajJdEVpNpCov0HsLTqXvNGKX+Uv09pkozVITi1jf3Q==",
      "license": "MIT",
      "dependencies": {
        "hey-listen": "^1.0.8",
        "tslib": "2.4.0"
      }
    },
    "node_modules/tslib": {
      "version": "2.4.0",
      "resolved": "https://registry.npmjs.org/tslib/-/tslib-2.4.0.tgz",
      "integrity": "sha512-d6xOpEDfsi2CZVlPQzGeux8XMwLT9hssAsaPYExaQMuYskwb+x1x7J371tWlbBdWHroy99KnVB6qIkUbs5X3UQ==",
      "license": "0BSD"
    },
    "node_modules/typescript": {
      "version": "5.5.4",
      "resolved": "https://registry.npmjs.org/typescript/-/typescript-5.5.4.tgz",
      "integrity": "sha512-Mtq29sKDAEYP7aljRgtPOpTvOfbwRWlS6dPRzwjdE+C0R4brX/GUyhHSecbHMFLNBLcJIPt9nl9yG5TZ1weH+Q==",
      "license": "Apache-2.0",
      "bin": {
        "tsc": "bin/tsc",
        "tsserver": "bin/tsserver"
      },
      "engines": {
        "node": ">=14.17"
      }
    },
    "node_modules/undici-types": {
      "version": "6.19.8",
      "resolved": "https://registry.npmjs.org/undici-types/-/undici-types-6.19.8.tgz",
      "integrity": "sha512-ve2KP6f/JnbPBFyobGHuerC9g1FYGn/F8n1LWTwNxCEzd6IfqTwUQcNXgEtmmQ6DlRrC1hrSrBnCZPokRrDHjw==",
      "dev": true,
      "license": "MIT"
    }
  }
}
